
Microsoft Visual Studio Solution File, Format Version 12.00
# Visual Studio Version 16
VisualStudioVersion = 16.0.30225.117
MinimumVisualStudioVersion = 10.0.40219.1
Project("{FAE04EC0-301F-11D3-BF4B-00C04F79EFBC}") = "MyHotel", "MyHotel\MyHotel.csproj", "{5EF4B883-BE2F-4DA1-85BD-4FA6F11CD6F8}"
EndProject
Global
	GlobalSection(SolutionConfigurationPlatforms) = preSolution
		Debug|Any CPU = Debug|Any CPU
		Release|Any CPU = Release|Any CPU
	EndGlobalSection
	GlobalSection(ProjectConfigurationPlatforms) = postSolution
		{5EF4B883-BE2F-4DA1-85BD-4FA6F11CD6F8}.Debug|Any CPU.ActiveCfg = Debug|Any CPU
		{5EF4B883-BE2F-4DA1-85BD-4FA6F11CD6F8}.Debug|Any CPU.Build.0 = Debug|Any CPU
		{5EF4B883-BE2F-4DA1-85BD-4FA6F11CD6F8}.Release|Any CPU.ActiveCfg = Release|Any CPU
		{5EF4B883-BE2F-4DA1-85BD-4FA6F11CD6F8}.Release|Any CPU.Build.0 = Release|Any CPU
	EndGlobalSection
	GlobalSection(SolutionProperties) = preSolution
		HideSolutionNode = FALSE
	EndGlobalSection
	GlobalSection(ExtensibilityGlobals) = postSolution
		SolutionGuid = {6F324401-E5AD-4E8C-9F1B-E3AE3624DA2F}
	EndGlobalSection
EndGlobal
